
Microsoft Visual Studio Solution File, Format Version 12.00
# Visual Studio 15
Project("{FAE04EC0-301F-11D3-BF4B-00C04F79EFBC}") = "snake", "snake.csproj", "{EFB2A7E9-A457-4079-B9EB-9DB1420FE4D2}"
EndProject
Project("{2150E333-8FDC-42A3-9474-1A3956D46DE8}") = "Solution Items", "Solution Items", "{B3DFEF90-B370-4251-B98C-4C3FAA1ED92F}"
EndProject
Global
	GlobalSection(SolutionConfigurationPlatforms) = preSolution
		Debug|anycpu = Debug|anycpu
		Release|anycpu = Release|anycpu
	EndGlobalSection
	GlobalSection(ProjectConfigurationPlatforms) = postSolution
		{EFB2A7E9-A457-4079-B9EB-9DB1420FE4D2}.Debug|anycpu.ActiveCfg = Debug|anycpu
		{EFB2A7E9-A457-4079-B9EB-9DB1420FE4D2}.Debug|anycpu.Build.0 = Debug|anycpu
		{EFB2A7E9-A457-4079-B9EB-9DB1420FE4D2}.Release|anycpu.ActiveCfg = Release|anycpu
		{EFB2A7E9-A457-4079-B9EB-9DB1420FE4D2}.Release|anycpu.Build.0 = Release|anycpu
	EndGlobalSection
EndGlobal
